// !$*UTF8*$!
{
	archiveVersion = 1;
	classes = {
	};
	objectVersion = 60;
	objects = {

/* Begin PBXBuildFile section */
		11A000000000000000000040 /* AppDelegate.swift in Sources */ = {isa = PBXBuildFile; fileRef = 11A000000000000000000030 /* AppDelegate.swift */; };
		11A000000000000000000041 /* SceneDelegate.swift in Sources */ = {isa = PBXBuildFile; fileRef = 11A000000000000000000031 /* SceneDelegate.swift */; };
		11A000000000000000000042 /* ViewController.swift in Sources */ = {isa = PBXBuildFile; fileRef = 11A000000000000000000032 /* ViewController.swift */; };
		11A000000000000000000043 /* Assets.xcassets in Resources */ = {isa = PBXBuildFile; fileRef = 11A000000000000000000033 /* Assets.xcassets */; };
		11A000000000000000000044 /* VAPPlayerKit in Frameworks */ = {isa = PBXBuildFile; productRef = 11A000000000000000000051 /* VAPPlayerKit */; };
		11A000000000000000000081 /* VAP in Resources */ = {isa = PBXBuildFile; fileRef = 11A000000000000000000080 /* VAP */; };
		11A000000000000000000085 /* FixtureCatalog.swift in Sources */ = {isa = PBXBuildFile; fileRef = 11A000000000000000000082 /* FixtureCatalog.swift */; };
		11A000000000000000000086 /* PlaybackDetailViewController.swift in Sources */ = {isa = PBXBuildFile; fileRef = 11A000000000000000000083 /* PlaybackDetailViewController.swift */; };
		11A000000000000000000087 /* PlaybackDiagnostics.swift in Sources */ = {isa = PBXBuildFile; fileRef = 11A000000000000000000084 /* PlaybackDiagnostics.swift */; };
		11A000000000000000000090 /* SwiftExampleUITests.swift in Sources */ = {isa = PBXBuildFile; fileRef = 11A000000000000000000088 /* SwiftExampleUITests.swift */; };
		11A00000000000000000009C /* BatchTestViewController.swift in Sources */ = {isa = PBXBuildFile; fileRef = 11A00000000000000000009B /* BatchTestViewController.swift */; };
		11A0000000000000000000A1 /* GiftCatalog.swift in Sources */ = {isa = PBXBuildFile; fileRef = 11A0000000000000000000A0 /* GiftCatalog.swift */; };
		11A0000000000000000000A3 /* Gifts in Resources */ = {isa = PBXBuildFile; fileRef = 11A0000000000000000000A2 /* Gifts */; };
/* End PBXBuildFile section */

/* Begin PBXContainerItemProxy section */
		11A000000000000000000091 /* PBXContainerItemProxy */ = {
			isa = PBXContainerItemProxy;
			containerPortal = 11A000000000000000000001 /* Project object */;
			proxyType = 1;
			remoteGlobalIDString = 11A000000000000000000002;
			remoteInfo = SwiftExample;
		};
/* End PBXContainerItemProxy section */

/* Begin PBXFileReference section */
		11A000000000000000000003 /* SwiftExample.app */ = {isa = PBXFileReference; explicitFileType = wrapper.application; includeInIndex = 0; path = SwiftExample.app; sourceTree = BUILT_PRODUCTS_DIR; };
		11A000000000000000000030 /* AppDelegate.swift */ = {isa = PBXFileReference; lastKnownFileType = sourcecode.swift; path = AppDelegate.swift; sourceTree = "<group>"; };
		11A000000000000000000031 /* SceneDelegate.swift */ = {isa = PBXFileReference; lastKnownFileType = sourcecode.swift; path = SceneDelegate.swift; sourceTree = "<group>"; };
		11A000000000000000000032 /* ViewController.swift */ = {isa = PBXFileReference; lastKnownFileType = sourcecode.swift; path = ViewController.swift; sourceTree = "<group>"; };
		11A000000000000000000033 /* Assets.xcassets */ = {isa = PBXFileReference; lastKnownFileType = folder.assetcatalog; path = Assets.xcassets; sourceTree = "<group>"; };
		11A000000000000000000034 /* Info.plist */ = {isa = PBXFileReference; lastKnownFileType = text.plist.xml; path = Info.plist; sourceTree = "<group>"; };
		11A000000000000000000080 /* VAP */ = {isa = PBXFileReference; lastKnownFileType = folder; name = VAP; path = ../../Tests/Fixtures/VAP; sourceTree = "<group>"; };
		11A000000000000000000082 /* FixtureCatalog.swift */ = {isa = PBXFileReference; lastKnownFileType = sourcecode.swift; path = FixtureCatalog.swift; sourceTree = "<group>"; };
		11A000000000000000000083 /* PlaybackDetailViewController.swift */ = {isa = PBXFileReference; lastKnownFileType = sourcecode.swift; path = PlaybackDetailViewController.swift; sourceTree = "<group>"; };
		11A000000000000000000084 /* PlaybackDiagnostics.swift */ = {isa = PBXFileReference; lastKnownFileType = sourcecode.swift; path = PlaybackDiagnostics.swift; sourceTree = "<group>"; };
		11A000000000000000000088 /* SwiftExampleUITests.swift */ = {isa = PBXFileReference; lastKnownFileType = sourcecode.swift; path = SwiftExampleUITests.swift; sourceTree = "<group>"; };
		11A000000000000000000089 /* SwiftExampleUITests.xctest */ = {isa = PBXFileReference; explicitFileType = wrapper.cfbundle; includeInIndex = 0; path = SwiftExampleUITests.xctest; sourceTree = BUILT_PRODUCTS_DIR; };
		11A00000000000000000009B /* BatchTestViewController.swift */ = {isa = PBXFileReference; lastKnownFileType = sourcecode.swift; path = BatchTestViewController.swift; sourceTree = "<group>"; };
		11A0000000000000000000A0 /* GiftCatalog.swift */ = {isa = PBXFileReference; lastKnownFileType = sourcecode.swift; path = GiftCatalog.swift; sourceTree = "<group>"; };
		11A0000000000000000000A2 /* Gifts */ = {isa = PBXFileReference; lastKnownFileType = folder; name = Gifts; path = ../Shared/Gifts; sourceTree = "<group>"; };
/* End PBXFileReference section */

/* Begin PBXFrameworksBuildPhase section */
		11A000000000000000000011 /* Frameworks */ = {
			isa = PBXFrameworksBuildPhase;
			buildActionMask = 2147483647;
			files = (
				11A000000000000000000044 /* VAPPlayerKit in Frameworks */,
			);
			runOnlyForDeploymentPostprocessing = 0;
		};
/* End PBXFrameworksBuildPhase section */

/* Begin PBXFrameworksBuildPhase section */
		11A000000000000000000092 /* Frameworks */ = {
			isa = PBXFrameworksBuildPhase;
			buildActionMask = 2147483647;
			files = (
			);
			runOnlyForDeploymentPostprocessing = 0;
		};
/* End PBXFrameworksBuildPhase section */

/* Begin PBXGroup section */
		11A000000000000000000020 = {
			isa = PBXGroup;
			children = (
				11A000000000000000000022 /* SwiftExample */,
				11A000000000000000000095 /* SwiftExampleUITests */,
				11A000000000000000000080 /* VAP */,
				11A0000000000000000000A2 /* Gifts */,
				11A000000000000000000021 /* Products */,
			);
			sourceTree = "<group>";
		};
		11A000000000000000000021 /* Products */ = {
			isa = PBXGroup;
			children = (
				11A000000000000000000003 /* SwiftExample.app */,
				11A000000000000000000089 /* SwiftExampleUITests.xctest */,
			);
			name = Products;
			sourceTree = "<group>";
		};
		11A000000000000000000022 /* SwiftExample */ = {
			isa = PBXGroup;
			children = (
				11A000000000000000000030 /* AppDelegate.swift */,
				11A000000000000000000031 /* SceneDelegate.swift */,
				11A000000000000000000032 /* ViewController.swift */,
				11A000000000000000000082 /* FixtureCatalog.swift */,
				11A000000000000000000083 /* PlaybackDetailViewController.swift */,
				11A000000000000000000084 /* PlaybackDiagnostics.swift */,
				11A00000000000000000009B /* BatchTestViewController.swift */,
				11A0000000000000000000A0 /* GiftCatalog.swift */,
				11A000000000000000000033 /* Assets.xcassets */,
				11A000000000000000000034 /* Info.plist */,
			);
			path = SwiftExample;
			sourceTree = "<group>";
		};
		11A000000000000000000095 /* SwiftExampleUITests */ = {
			isa = PBXGroup;
			children = (
				11A000000000000000000088 /* SwiftExampleUITests.swift */,
			);
			path = SwiftExampleUITests;
			sourceTree = "<group>";
		};
/* End PBXGroup section */

/* Begin PBXNativeTarget section */
		11A000000000000000000002 /* SwiftExample */ = {
			isa = PBXNativeTarget;
			buildConfigurationList = 11A000000000000000000061 /* Build configuration list for PBXNativeTarget "SwiftExample" */;
			buildPhases = (
				11A000000000000000000010 /* Sources */,
				11A000000000000000000011 /* Frameworks */,
				11A000000000000000000012 /* Resources */,
			);
			buildRules = (
			);
			dependencies = (
			);
			name = SwiftExample;
			packageProductDependencies = (
				11A000000000000000000051 /* VAPPlayerKit */,
			);
			productName = SwiftExample;
			productReference = 11A000000000000000000003 /* SwiftExample.app */;
			productType = "com.apple.product-type.application";
		};
		11A000000000000000000096 /* SwiftExampleUITests */ = {
			isa = PBXNativeTarget;
			buildConfigurationList = 11A00000000000000000009A /* Build configuration list for PBXNativeTarget "SwiftExampleUITests" */;
			buildPhases = (
				11A000000000000000000094 /* Sources */,
				11A000000000000000000092 /* Frameworks */,
				11A000000000000000000093 /* Resources */,
			);
			buildRules = (
			);
			dependencies = (
				11A000000000000000000097 /* PBXTargetDependency */,
			);
			name = SwiftExampleUITests;
			packageProductDependencies = (
			);
			productName = SwiftExampleUITests;
			productReference = 11A000000000000000000089 /* SwiftExampleUITests.xctest */;
			productType = "com.apple.product-type.bundle.ui-testing";
		};
/* End PBXNativeTarget section */

/* Begin PBXProject section */
		11A000000000000000000001 /* Project object */ = {
			isa = PBXProject;
			attributes = {
				BuildIndependentTargetsInParallel = 1;
				LastSwiftUpdateCheck = 2600;
				LastUpgradeCheck = 2600;
				TargetAttributes = {
					11A000000000000000000002 = {
						CreatedOnToolsVersion = 26.0;
					};
					11A000000000000000000096 = {
						CreatedOnToolsVersion = 26.0;
						TestTargetID = 11A000000000000000000002;
					};
				};
			};
			buildConfigurationList = 11A000000000000000000060 /* Build configuration list for PBXProject "SwiftExample" */;
			compatibilityVersion = "Xcode 14.0";
			developmentRegion = en;
			hasScannedForEncodings = 0;
			knownRegions = (
				en,
				Base,
			);
			mainGroup = 11A000000000000000000020;
			packageReferences = (
				11A000000000000000000050 /* XCLocalSwiftPackageReference "../.." */,
			);
			productRefGroup = 11A000000000000000000021 /* Products */;
			projectDirPath = "";
			projectRoot = "";
			targets = (
				11A000000000000000000002 /* SwiftExample */,
				11A000000000000000000096 /* SwiftExampleUITests */,
			);
		};
/* End PBXProject section */

/* Begin PBXResourcesBuildPhase section */
		11A000000000000000000012 /* Resources */ = {
			isa = PBXResourcesBuildPhase;
			buildActionMask = 2147483647;
			files = (
				11A000000000000000000043 /* Assets.xcassets in Resources */,
				11A000000000000000000081 /* VAP in Resources */,
				11A0000000000000000000A3 /* Gifts in Resources */,
			);
			runOnlyForDeploymentPostprocessing = 0;
		};
		11A000000000000000000093 /* Resources */ = {
			isa = PBXResourcesBuildPhase;
			buildActionMask = 2147483647;
			files = (
			);
			runOnlyForDeploymentPostprocessing = 0;
		};
/* End PBXResourcesBuildPhase section */

/* Begin PBXSourcesBuildPhase section */
		11A000000000000000000010 /* Sources */ = {
			isa = PBXSourcesBuildPhase;
			buildActionMask = 2147483647;
			files = (
				11A000000000000000000040 /* AppDelegate.swift in Sources */,
				11A000000000000000000041 /* SceneDelegate.swift in Sources */,
				11A000000000000000000042 /* ViewController.swift in Sources */,
				11A000000000000000000085 /* FixtureCatalog.swift in Sources */,
				11A000000000000000000086 /* PlaybackDetailViewController.swift in Sources */,
				11A000000000000000000087 /* PlaybackDiagnostics.swift in Sources */,
				11A00000000000000000009C /* BatchTestViewController.swift in Sources */,
				11A0000000000000000000A1 /* GiftCatalog.swift in Sources */,
			);
			runOnlyForDeploymentPostprocessing = 0;
		};
		11A000000000000000000094 /* Sources */ = {
			isa = PBXSourcesBuildPhase;
			buildActionMask = 2147483647;
			files = (
				11A000000000000000000090 /* SwiftExampleUITests.swift in Sources */,
			);
			runOnlyForDeploymentPostprocessing = 0;
		};
/* End PBXSourcesBuildPhase section */

/* Begin PBXTargetDependency section */
		11A000000000000000000097 /* PBXTargetDependency */ = {
			isa = PBXTargetDependency;
			target = 11A000000000000000000002 /* SwiftExample */;
			targetProxy = 11A000000000000000000091 /* PBXContainerItemProxy */;
		};
/* End PBXTargetDependency section */

/* Begin XCBuildConfiguration section */
		11A000000000000000000070 /* Debug */ = {
			isa = XCBuildConfiguration;
			buildSettings = {
				ALWAYS_SEARCH_USER_PATHS = NO;
				CLANG_ANALYZER_NONNULL = YES;
				CLANG_ANALYZER_NUMBER_OBJECT_CONVERSION = YES_AGGRESSIVE;
				CLANG_CXX_LANGUAGE_STANDARD = "gnu++20";
				CLANG_ENABLE_MODULES = YES;
				CLANG_ENABLE_OBJC_ARC = YES;
				CLANG_ENABLE_OBJC_WEAK = YES;
				CLANG_WARN_BLOCK_CAPTURE_AUTORELEASING = YES;
				CLANG_WARN_BOOL_CONVERSION = YES;
				CLANG_WARN_COMMA = YES;
				CLANG_WARN_CONSTANT_CONVERSION = YES;
				CLANG_WARN_DEPRECATED_OBJC_IMPLEMENTATIONS = YES;
				CLANG_WARN_DIRECT_OBJC_ISA_USAGE = YES_ERROR;
				CLANG_WARN_DOCUMENTATION_COMMENTS = YES;
				CLANG_WARN_EMPTY_BODY = YES;
				CLANG_WARN_ENUM_CONVERSION = YES;
				CLANG_WARN_INFINITE_RECURSION = YES;
				CLANG_WARN_INT_CONVERSION = YES;
				CLANG_WARN_NON_LITERAL_NULL_CONVERSION = YES;
				CLANG_WARN_OBJC_IMPLICIT_RETAIN_SELF = YES;
				CLANG_WARN_OBJC_LITERAL_CONVERSION = YES;
				CLANG_WARN_OBJC_ROOT_CLASS = YES_ERROR;
				CLANG_WARN_QUOTED_INCLUDE_IN_FRAMEWORK_HEADER = YES;
				CLANG_WARN_RANGE_LOOP_ANALYSIS = YES;
				CLANG_WARN_STRICT_PROTOTYPES = YES;
				CLANG_WARN_SUSPICIOUS_MOVE = YES;
				CLANG_WARN_UNGUARDED_AVAILABILITY = YES_AGGRESSIVE;
				CLANG_WARN_UNREACHABLE_CODE = YES;
				CLANG_WARN__DUPLICATE_METHOD_MATCH = YES;
				COPY_PHASE_STRIP = NO;
				DEBUG_INFORMATION_FORMAT = dwarf;
				ENABLE_STRICT_OBJC_MSGSEND = YES;
				ENABLE_TESTABILITY = YES;
				GCC_C_LANGUAGE_STANDARD = gnu17;
				GCC_NO_COMMON_BLOCKS = YES;
				GCC_WARN_64_TO_32_BIT_CONVERSION = YES;
				GCC_WARN_ABOUT_RETURN_TYPE = YES_ERROR;
				GCC_WARN_UNDECLARED_SELECTOR = YES;
				GCC_WARN_UNINITIALIZED_AUTOS = YES_AGGRESSIVE;
				GCC_WARN_UNUSED_FUNCTION = YES;
				GCC_WARN_UNUSED_VARIABLE = YES;
				IPHONEOS_DEPLOYMENT_TARGET = 15.0;
				MTL_ENABLE_DEBUG_INFO = INCLUDE_SOURCE;
				MTL_FAST_MATH = YES;
				ONLY_ACTIVE_ARCH = YES;
				SDKROOT = iphoneos;
				SWIFT_ACTIVE_COMPILATION_CONDITIONS = DEBUG;
				SWIFT_OPTIMIZATION_LEVEL = "-Onone";
			};
			name = Debug;
		};
		11A000000000000000000071 /* Release */ = {
			isa = XCBuildConfiguration;
			buildSettings = {
				ALWAYS_SEARCH_USER_PATHS = NO;
				CLANG_ANALYZER_NONNULL = YES;
				CLANG_ANALYZER_NUMBER_OBJECT_CONVERSION = YES_AGGRESSIVE;
				CLANG_CXX_LANGUAGE_STANDARD = "gnu++20";
				CLANG_ENABLE_MODULES = YES;
				CLANG_ENABLE_OBJC_ARC = YES;
				CLANG_ENABLE_OBJC_WEAK = YES;
				CLANG_WARN_BLOCK_CAPTURE_AUTORELEASING = YES;
				CLANG_WARN_BOOL_CONVERSION = YES;
				CLANG_WARN_COMMA = YES;
				CLANG_WARN_CONSTANT_CONVERSION = YES;
				CLANG_WARN_DEPRECATED_OBJC_IMPLEMENTATIONS = YES;
				CLANG_WARN_DIRECT_OBJC_ISA_USAGE = YES_ERROR;
				CLANG_WARN_DOCUMENTATION_COMMENTS = YES;
				CLANG_WARN_EMPTY_BODY = YES;
				CLANG_WARN_ENUM_CONVERSION = YES;
				CLANG_WARN_INFINITE_RECURSION = YES;
				CLANG_WARN_INT_CONVERSION = YES;
				CLANG_WARN_NON_LITERAL_NULL_CONVERSION = YES;
				CLANG_WARN_OBJC_IMPLICIT_RETAIN_SELF = YES;
				CLANG_WARN_OBJC_LITERAL_CONVERSION = YES;
				CLANG_WARN_OBJC_ROOT_CLASS = YES_ERROR;
				CLANG_WARN_QUOTED_INCLUDE_IN_FRAMEWORK_HEADER = YES;
				CLANG_WARN_RANGE_LOOP_ANALYSIS = YES;
				CLANG_WARN_STRICT_PROTOTYPES = YES;
				CLANG_WARN_SUSPICIOUS_MOVE = YES;
				CLANG_WARN_UNGUARDED_AVAILABILITY = YES_AGGRESSIVE;
				CLANG_WARN_UNREACHABLE_CODE = YES;
				CLANG_WARN__DUPLICATE_METHOD_MATCH = YES;
				COPY_PHASE_STRIP = NO;
				DEBUG_INFORMATION_FORMAT = "dwarf-with-dsym";
				ENABLE_NS_ASSERTIONS = NO;
				ENABLE_STRICT_OBJC_MSGSEND = YES;
				GCC_C_LANGUAGE_STANDARD = gnu17;
				GCC_NO_COMMON_BLOCKS = YES;
				GCC_WARN_64_TO_32_BIT_CONVERSION = YES;
				GCC_WARN_ABOUT_RETURN_TYPE = YES_ERROR;
				GCC_WARN_UNDECLARED_SELECTOR = YES;
				GCC_WARN_UNINITIALIZED_AUTOS = YES_AGGRESSIVE;
				GCC_WARN_UNUSED_FUNCTION = YES;
				GCC_WARN_UNUSED_VARIABLE = YES;
				IPHONEOS_DEPLOYMENT_TARGET = 15.0;
				MTL_ENABLE_DEBUG_INFO = NO;
				MTL_FAST_MATH = YES;
				SDKROOT = iphoneos;
				SWIFT_COMPILATION_MODE = wholemodule;
			};
			name = Release;
		};
		11A000000000000000000072 /* Debug */ = {
			isa = XCBuildConfiguration;
			buildSettings = {
				ASSETCATALOG_COMPILER_APPICON_NAME = AppIcon;
				ASSETCATALOG_COMPILER_GLOBAL_ACCENT_COLOR_NAME = AccentColor;
				CODE_SIGN_STYLE = Automatic;
				CURRENT_PROJECT_VERSION = 1;
				DEVELOPMENT_TEAM = 6T8UP29CAY;
				GENERATE_INFOPLIST_FILE = YES;
				INFOPLIST_FILE = SwiftExample/Info.plist;
				INFOPLIST_KEY_UIApplicationSupportsIndirectInputEvents = YES;
				INFOPLIST_KEY_UILaunchScreen_Generation = YES;
				INFOPLIST_KEY_UISupportedInterfaceOrientations = UIInterfaceOrientationPortrait;
				LD_RUNPATH_SEARCH_PATHS = (
					"$(inherited)",
					"@executable_path/Frameworks",
				);
				MARKETING_VERSION = 1.0;
				PRODUCT_BUNDLE_IDENTIFIER = com.vapplayerkit.SwiftExample;
				PRODUCT_NAME = "$(TARGET_NAME)";
				SUPPORTED_PLATFORMS = "iphoneos iphonesimulator";
				SUPPORTS_MACCATALYST = NO;
				SWIFT_EMIT_LOC_STRINGS = YES;
				SWIFT_VERSION = 5.0;
				TARGETED_DEVICE_FAMILY = "1,2";
			};
			name = Debug;
		};
		11A000000000000000000073 /* Release */ = {
			isa = XCBuildConfiguration;
			buildSettings = {
				ASSETCATALOG_COMPILER_APPICON_NAME = AppIcon;
				ASSETCATALOG_COMPILER_GLOBAL_ACCENT_COLOR_NAME = AccentColor;
				CODE_SIGN_STYLE = Automatic;
				CURRENT_PROJECT_VERSION = 1;
				DEVELOPMENT_TEAM = 6T8UP29CAY;
				GENERATE_INFOPLIST_FILE = YES;
				INFOPLIST_FILE = SwiftExample/Info.plist;
				INFOPLIST_KEY_UIApplicationSupportsIndirectInputEvents = YES;
				INFOPLIST_KEY_UILaunchScreen_Generation = YES;
				INFOPLIST_KEY_UISupportedInterfaceOrientations = UIInterfaceOrientationPortrait;
				LD_RUNPATH_SEARCH_PATHS = (
					"$(inherited)",
					"@executable_path/Frameworks",
				);
				MARKETING_VERSION = 1.0;
				PRODUCT_BUNDLE_IDENTIFIER = com.vapplayerkit.SwiftExample;
				PRODUCT_NAME = "$(TARGET_NAME)";
				SUPPORTED_PLATFORMS = "iphoneos iphonesimulator";
				SUPPORTS_MACCATALYST = NO;
				SWIFT_EMIT_LOC_STRINGS = YES;
				SWIFT_VERSION = 5.0;
				TARGETED_DEVICE_FAMILY = "1,2";
			};
			name = Release;
		};
		11A000000000000000000098 /* Debug */ = {
			isa = XCBuildConfiguration;
			buildSettings = {
				CODE_SIGN_STYLE = Automatic;
				DEVELOPMENT_TEAM = 6T8UP29CAY;
				GENERATE_INFOPLIST_FILE = YES;
				IPHONEOS_DEPLOYMENT_TARGET = 15.0;
				LD_RUNPATH_SEARCH_PATHS = (
					"$(inherited)",
					"@executable_path/Frameworks",
					"@loader_path/Frameworks",
				);
				PRODUCT_BUNDLE_IDENTIFIER = com.vapplayerkit.SwiftExampleUITests;
				PRODUCT_NAME = "$(TARGET_NAME)";
				SDKROOT = iphoneos;
				SUPPORTED_PLATFORMS = "iphoneos iphonesimulator";
				SWIFT_EMIT_LOC_STRINGS = NO;
				SWIFT_VERSION = 5.0;
				TARGETED_DEVICE_FAMILY = "1,2";
				TEST_TARGET_NAME = SwiftExample;
			};
			name = Debug;
		};
		11A000000000000000000099 /* Release */ = {
			isa = XCBuildConfiguration;
			buildSettings = {
				CODE_SIGN_STYLE = Automatic;
				DEVELOPMENT_TEAM = 6T8UP29CAY;
				GENERATE_INFOPLIST_FILE = YES;
				IPHONEOS_DEPLOYMENT_TARGET = 15.0;
				LD_RUNPATH_SEARCH_PATHS = (
					"$(inherited)",
					"@executable_path/Frameworks",
					"@loader_path/Frameworks",
				);
				PRODUCT_BUNDLE_IDENTIFIER = com.vapplayerkit.SwiftExampleUITests;
				PRODUCT_NAME = "$(TARGET_NAME)";
				SDKROOT = iphoneos;
				SUPPORTED_PLATFORMS = "iphoneos iphonesimulator";
				SWIFT_EMIT_LOC_STRINGS = NO;
				SWIFT_VERSION = 5.0;
				TARGETED_DEVICE_FAMILY = "1,2";
				TEST_TARGET_NAME = SwiftExample;
			};
			name = Release;
		};
/* End XCBuildConfiguration section */

/* Begin XCConfigurationList section */
		11A000000000000000000060 /* Build configuration list for PBXProject "SwiftExample" */ = {
			isa = XCConfigurationList;
			buildConfigurations = (
				11A000000000000000000070 /* Debug */,
				11A000000000000000000071 /* Release */,
			);
			defaultConfigurationIsVisible = 0;
			defaultConfigurationName = Release;
		};
		11A000000000000000000061 /* Build configuration list for PBXNativeTarget "SwiftExample" */ = {
			isa = XCConfigurationList;
			buildConfigurations = (
				11A000000000000000000072 /* Debug */,
				11A000000000000000000073 /* Release */,
			);
			defaultConfigurationIsVisible = 0;
			defaultConfigurationName = Release;
		};
		11A00000000000000000009A /* Build configuration list for PBXNativeTarget "SwiftExampleUITests" */ = {
			isa = XCConfigurationList;
			buildConfigurations = (
				11A000000000000000000098 /* Debug */,
				11A000000000000000000099 /* Release */,
			);
			defaultConfigurationIsVisible = 0;
			defaultConfigurationName = Release;
		};
/* End XCConfigurationList section */

/* Begin XCLocalSwiftPackageReference section */
		11A000000000000000000050 /* XCLocalSwiftPackageReference "../.." */ = {
			isa = XCLocalSwiftPackageReference;
			relativePath = ../..;
		};
/* End XCLocalSwiftPackageReference section */

/* Begin XCSwiftPackageProductDependency section */
		11A000000000000000000051 /* VAPPlayerKit */ = {
			isa = XCSwiftPackageProductDependency;
			package = 11A000000000000000000050 /* XCLocalSwiftPackageReference "../.." */;
			productName = VAPPlayerKit;
		};
/* End XCSwiftPackageProductDependency section */
	};
	rootObject = 11A000000000000000000001 /* Project object */;
}
